// !$*UTF8*$!
{
	archiveVersion = 1;
	classes = {
	};
	objectVersion = 46;
	objects = {

/* Begin PBXBuildFile section */
		BA95E86A1AECCB2C0078C622 /* AppDelegate.swift in Sources */ = {isa = PBXBuildFile; fileRef = BA95E8691AECCB2C0078C622 /* AppDelegate.swift */; };
		BA95E86C1AECCB2C0078C622 /* MasterViewController.swift in Sources */ = {isa = PBXBuildFile; fileRef = BA95E86B1AECCB2C0078C622 /* MasterViewController.swift */; };
		BA95E86E1AECCB2C0078C622 /* DetailViewController.swift in Sources */ = {isa = PBXBuildFile; fileRef = BA95E86D1AECCB2C0078C622 /* DetailViewController.swift */; };
		BA95E8711AECCB2C0078C622 /* Main.storyboard in Resources */ = {isa = PBXBuildFile; fileRef = BA95E86F1AECCB2C0078C622 /* Main.storyboard */; };
		BA95E8731AECCB2C0078C622 /* Images.xcassets in Resources */ = {isa = PBXBuildFile; fileRef = BA95E8721AECCB2C0078C622 /* Images.xcassets */; };
		BA95E8761AECCB2C0078C622 /* LaunchScreen.xib in Resources */ = {isa = PBXBuildFile; fileRef = BA95E8741AECCB2C0078C622 /* LaunchScreen.xib */; };
		BA95E8821AECCB2C0078C622 /* Project1StormViewerTests.swift in Sources */ = {isa = PBXBuildFile; fileRef = BA95E8811AECCB2C0078C622 /* Project1StormViewerTests.swift */; };
		BAC85C961AEF554D00B901C6 /* Content in Resources */ = {isa = PBXBuildFile; fileRef = BAC85C951AEF554D00B901C6 /* Content */; };
/* End PBXBuildFile section */

/* Begin PBXContainerItemProxy section */
		BA95E87C1AECCB2C0078C622 /* PBXContainerItemProxy */ = {
			isa = PBXContainerItemProxy;
			containerPortal = BA95E85C1AECCB2C0078C622 /* Project object */;
			proxyType = 1;
			remoteGlobalIDString = BA95E8631AECCB2C0078C622;
			remoteInfo = Project1StormViewer;
		};
/* End PBXContainerItemProxy section */

/* Begin PBXFileReference section */
		BA95E8641AECCB2C0078C622 /* Project1StormViewer.app */ = {isa = PBXFileReference; explicitFileType = wrapper.application; includeInIndex = 0; path = Project1StormViewer.app; sourceTree = BUILT_PRODUCTS_DIR; };
		BA95E8681AECCB2C0078C622 /* Info.plist */ = {isa = PBXFileReference; lastKnownFileType = text.plist.xml; path = Info.plist; sourceTree = "<group>"; };
		BA95E8691AECCB2C0078C622 /* AppDelegate.swift */ = {isa = PBXFileReference; lastKnownFileType = sourcecode.swift; path = AppDelegate.swift; sourceTree = "<group>"; };
		BA95E86B1AECCB2C0078C622 /* MasterViewController.swift */ = {isa = PBXFileReference; lastKnownFileType = sourcecode.swift; path = MasterViewController.swift; sourceTree = "<group>"; };
		BA95E86D1AECCB2C0078C622 /* DetailViewController.swift */ = {isa = PBXFileReference; lastKnownFileType = sourcecode.swift; path = DetailViewController.swift; sourceTree = "<group>"; };
		BA95E8701AECCB2C0078C622 /* Base */ = {isa = PBXFileReference; lastKnownFileType = file.storyboard; name = Base; path = Base.lproj/Main.storyboard; sourceTree = "<group>"; };
		BA95E8721AECCB2C0078C622 /* Images.xcassets */ = {isa = PBXFileReference; lastKnownFileType = folder.assetcatalog; path = Images.xcassets; sourceTree = "<group>"; };
		BA95E8751AECCB2C0078C622 /* Base */ = {isa = PBXFileReference; lastKnownFileType = file.xib; name = Base; path = Base.lproj/LaunchScreen.xib; sourceTree = "<group>"; };
		BA95E87B1AECCB2C0078C622 /* Project1StormViewerTests.xctest */ = {isa = PBXFileReference; explicitFileType = wrapper.cfbundle; includeInIndex = 0; path = Project1StormViewerTests.xctest; sourceTree = BUILT_PRODUCTS_DIR; };
		BA95E8801AECCB2C0078C622 /* Info.plist */ = {isa = PBXFileReference; lastKnownFileType = text.plist.xml; path = Info.plist; sourceTree = "<group>"; };
		BA95E8811AECCB2C0078C622 /* Project1StormViewerTests.swift */ = {isa = PBXFileReference; lastKnownFileType = sourcecode.swift; path = Project1StormViewerTests.swift; sourceTree = "<group>"; };
		BAC85C951AEF554D00B901C6 /* Content */ = {isa = PBXFileReference; lastKnownFileType = folder; path = Content; sourceTree = "<group>"; };
/* End PBXFileReference section */

/* Begin PBXFrameworksBuildPhase section */
		BA95E8611AECCB2C0078C622 /* Frameworks */ = {
			isa = PBXFrameworksBuildPhase;
			buildActionMask = 2147483647;
			files = (
			);
			runOnlyForDeploymentPostprocessing = 0;
		};
		BA95E8781AECCB2C0078C622 /* Frameworks */ = {
			isa = PBXFrameworksBuildPhase;
			buildActionMask = 2147483647;
			files = (
			);
			runOnlyForDeploymentPostprocessing = 0;
		};
/* End PBXFrameworksBuildPhase section */

/* Begin PBXGroup section */
		BA95E85B1AECCB2C0078C622 = {
			isa = PBXGroup;
			children = (
				BA95E8661AECCB2C0078C622 /* Project1StormViewer */,
				BA95E87E1AECCB2C0078C622 /* Project1StormViewerTests */,
				BA95E8651AECCB2C0078C622 /* Products */,
			);
			sourceTree = "<group>";
		};
		BA95E8651AECCB2C0078C622 /* Products */ = {
			isa = PBXGroup;
			children = (
				BA95E8641AECCB2C0078C622 /* Project1StormViewer.app */,
				BA95E87B1AECCB2C0078C622 /* Project1StormViewerTests.xctest */,
			);
			name = Products;
			sourceTree = "<group>";
		};
		BA95E8661AECCB2C0078C622 /* Project1StormViewer */ = {
			isa = PBXGroup;
			children = (
				BAC85C951AEF554D00B901C6 /* Content */,
				BA95E86B1AECCB2C0078C622 /* MasterViewController.swift */,
				BA95E86D1AECCB2C0078C622 /* DetailViewController.swift */,
				BA95E86F1AECCB2C0078C622 /* Main.storyboard */,
				BA95E8671AECCB2C0078C622 /* Supporting Files */,
			);
			path = Project1StormViewer;
			sourceTree = "<group>";
		};
		BA95E8671AECCB2C0078C622 /* Supporting Files */ = {
			isa = PBXGroup;
			children = (
				BA95E8741AECCB2C0078C622 /* LaunchScreen.xib */,
				BA95E8721AECCB2C0078C622 /* Images.xcassets */,
				BA95E8691AECCB2C0078C622 /* AppDelegate.swift */,
				BA95E8681AECCB2C0078C622 /* Info.plist */,
			);
			name = "Supporting Files";
			sourceTree = "<group>";
		};
		BA95E87E1AECCB2C0078C622 /* Project1StormViewerTests */ = {
			isa = PBXGroup;
			children = (
				BA95E8811AECCB2C0078C622 /* Project1StormViewerTests.swift */,
				BA95E87F1AECCB2C0078C622 /* Supporting Files */,
			);
			path = Project1StormViewerTests;
			sourceTree = "<group>";
		};
		BA95E87F1AECCB2C0078C622 /* Supporting Files */ = {
			isa = PBXGroup;
			children = (
				BA95E8801AECCB2C0078C622 /* Info.plist */,
			);
			name = "Supporting Files";
			sourceTree = "<group>";
		};
/* End PBXGroup section */

/* Begin PBXNativeTarget section */
		BA95E8631AECCB2C0078C622 /* Project1StormViewer */ = {
			isa = PBXNativeTarget;
			buildConfigurationList = BA95E8851AECCB2C0078C622 /* Build configuration list for PBXNativeTarget "Project1StormViewer" */;
			buildPhases = (
				BA95E8601AECCB2C0078C622 /* Sources */,
				BA95E8611AECCB2C0078C622 /* Frameworks */,
				BA95E8621AECCB2C0078C622 /* Resources */,
			);
			buildRules = (
			);
			dependencies = (
			);
			name = Project1StormViewer;
			productName = Project1StormViewer;
			productReference = BA95E8641AECCB2C0078C622 /* Project1StormViewer.app */;
			productType = "com.apple.product-type.application";
		};
		BA95E87A1AECCB2C0078C622 /* Project1StormViewerTests */ = {
			isa = PBXNativeTarget;
			buildConfigurationList = BA95E8881AECCB2C0078C622 /* Build configuration list for PBXNativeTarget "Project1StormViewerTests" */;
			buildPhases = (
				BA95E8771AECCB2C0078C622 /* Sources */,
				BA95E8781AECCB2C0078C622 /* Frameworks */,
				BA95E8791AECCB2C0078C622 /* Resources */,
			);
			buildRules = (
			);
			dependencies = (
				BA95E87D1AECCB2C0078C622 /* PBXTargetDependency */,
			);
			name = Project1StormViewerTests;
			productName = Project1StormViewerTests;
			productReference = BA95E87B1AECCB2C0078C622 /* Project1StormViewerTests.xctest */;
			productType = "com.apple.product-type.bundle.unit-test";
		};
/* End PBXNativeTarget section */

/* Begin PBXProject section */
		BA95E85C1AECCB2C0078C622 /* Project object */ = {
			isa = PBXProject;
			attributes = {
				LastUpgradeCheck = 0630;
				ORGANIZATIONNAME = Henry;
				TargetAttributes = {
					BA95E8631AECCB2C0078C622 = {
						CreatedOnToolsVersion = 6.3.1;
					};
					BA95E87A1AECCB2C0078C622 = {
						CreatedOnToolsVersion = 6.3.1;
						TestTargetID = BA95E8631AECCB2C0078C622;
					};
				};
			};
			buildConfigurationList = BA95E85F1AECCB2C0078C622 /* Build configuration list for PBXProject "Project1StormViewer" */;
			compatibilityVersion = "Xcode 3.2";
			developmentRegion = English;
			hasScannedForEncodings = 0;
			knownRegions = (
				en,
				Base,
			);
			mainGroup = BA95E85B1AECCB2C0078C622;
			productRefGroup = BA95E8651AECCB2C0078C622 /* Products */;
			projectDirPath = "";
			projectRoot = "";
			targets = (
				BA95E8631AECCB2C0078C622 /* Project1StormViewer */,
				BA95E87A1AECCB2C0078C622 /* Project1StormViewerTests */,
			);
		};
/* End PBXProject section */

/* Begin PBXResourcesBuildPhase section */
		BA95E8621AECCB2C0078C622 /* Resources */ = {
			isa = PBXResourcesBuildPhase;
			buildActionMask = 2147483647;
			files = (
				BA95E8711AECCB2C0078C622 /* Main.storyboard in Resources */,
				BA95E8761AECCB2C0078C622 /* LaunchScreen.xib in Resources */,
				BAC85C961AEF554D00B901C6 /* Content in Resources */,
				BA95E8731AECCB2C0078C622 /* Images.xcassets in Resources */,
			);
			runOnlyForDeploymentPostprocessing = 0;
		};
		BA95E8791AECCB2C0078C622 /* Resources */ = {
			isa = PBXResourcesBuildPhase;
			buildActionMask = 2147483647;
			files = (
			);
			runOnlyForDeploymentPostprocessing = 0;
		};
/* End PBXResourcesBuildPhase section */

/* Begin PBXSourcesBuildPhase section */
		BA95E8601AECCB2C0078C622 /* Sources */ = {
			isa = PBXSourcesBuildPhase;
			buildActionMask = 2147483647;
			files = (
				BA95E86E1AECCB2C0078C622 /* DetailViewController.swift in Sources */,
				BA95E86C1AECCB2C0078C622 /* MasterViewController.swift in Sources */,
				BA95E86A1AECCB2C0078C622 /* AppDelegate.swift in Sources */,
			);
			runOnlyForDeploymentPostprocessing = 0;
		};
		BA95E8771AECCB2C0078C622 /* Sources */ = {
			isa = PBXSourcesBuildPhase;
			buildActionMask = 2147483647;
			files = (
				BA95E8821AECCB2C0078C622 /* Project1StormViewerTests.swift in Sources */,
			);
			runOnlyForDeploymentPostprocessing = 0;
		};
/* End PBXSourcesBuildPhase section */

/* Begin PBXTargetDependency section */
		BA95E87D1AECCB2C0078C622 /* PBXTargetDependency */ = {
			isa = PBXTargetDependency;
			target = BA95E8631AECCB2C0078C622 /* Project1StormViewer */;
			targetProxy = BA95E87C1AECCB2C0078C622 /* PBXContainerItemProxy */;
		};
/* End PBXTargetDependency section */

/* Begin PBXVariantGroup section */
		BA95E86F1AECCB2C0078C622 /* Main.storyboard */ = {
			isa = PBXVariantGroup;
			children = (
				BA95E8701AECCB2C0078C622 /* Base */,
			);
			name = Main.storyboard;
			sourceTree = "<group>";
		};
		BA95E8741AECCB2C0078C622 /* LaunchScreen.xib */ = {
			isa = PBXVariantGroup;
			children = (
				BA95E8751AECCB2C0078C622 /* Base */,
			);
			name = LaunchScreen.xib;
			sourceTree = "<group>";
		};
/* End PBXVariantGroup section */

/* Begin XCBuildConfiguration section */
		BA95E8831AECCB2C0078C622 /* Debug */ = {
			isa = XCBuildConfiguration;
			buildSettings = {
				ALWAYS_SEARCH_USER_PATHS = NO;
				CLANG_CXX_LANGUAGE_STANDARD = "gnu++0x";
				CLANG_CXX_LIBRARY = "libc++";
				CLANG_ENABLE_MODULES = YES;
				CLANG_ENABLE_OBJC_ARC = YES;
				CLANG_WARN_BOOL_CONVERSION = YES;
				CLANG_WARN_CONSTANT_CONVERSION = YES;
				CLANG_WARN_DIRECT_OBJC_ISA_USAGE = YES_ERROR;
				CLANG_WARN_EMPTY_BODY = YES;
				CLANG_WARN_ENUM_CONVERSION = YES;
				CLANG_WARN_INT_CONVERSION = YES;
				CLANG_WARN_OBJC_ROOT_CLASS = YES_ERROR;
				CLANG_WARN_UNREACHABLE_CODE = YES;
				CLANG_WARN__DUPLICATE_METHOD_MATCH = YES;
				"CODE_SIGN_IDENTITY[sdk=iphoneos*]" = "iPhone Developer";
				COPY_PHASE_STRIP = NO;
				DEBUG_INFORMATION_FORMAT = "dwarf-with-dsym";
				ENABLE_STRICT_OBJC_MSGSEND = YES;
				GCC_C_LANGUAGE_STANDARD = gnu99;
				GCC_DYNAMIC_NO_PIC = NO;
				GCC_NO_COMMON_BLOCKS = YES;
				GCC_OPTIMIZATION_LEVEL = 0;
				GCC_PREPROCESSOR_DEFINITIONS = (
					"DEBUG=1",
					"$(inherited)",
				);
				GCC_SYMBOLS_PRIVATE_EXTERN = NO;
				GCC_WARN_64_TO_32_BIT_CONVERSION = YES;
				GCC_WARN_ABOUT_RETURN_TYPE = YES_ERROR;
				GCC_WARN_UNDECLARED_SELECTOR = YES;
				GCC_WARN_UNINITIALIZED_AUTOS = YES_AGGRESSIVE;
				GCC_WARN_UNUSED_FUNCTION = YES;
				GCC_WARN_UNUSED_VARIABLE = YES;
				IPHONEOS_DEPLOYMENT_TARGET = 8.3;
				MTL_ENABLE_DEBUG_INFO = YES;
				ONLY_ACTIVE_ARCH = YES;
				SDKROOT = iphoneos;
				SWIFT_OPTIMIZATION_LEVEL = "-Onone";
			};
			name = Debug;
		};
		BA95E8841AECCB2C0078C622 /* Release */ = {
			isa = XCBuildConfiguration;
			buildSettings = {
				ALWAYS_SEARCH_USER_PATHS = NO;
				CLANG_CXX_LANGUAGE_STANDARD = "gnu++0x";
				CLANG_CXX_LIBRARY = "libc++";
				CLANG_ENABLE_MODULES = YES;
				CLANG_ENABLE_OBJC_ARC = YES;
				CLANG_WARN_BOOL_CONVERSION = YES;
				CLANG_WARN_CONSTANT_CONVERSION = YES;
				CLANG_WARN_DIRECT_OBJC_ISA_USAGE = YES_ERROR;
				CLANG_WARN_EMPTY_BODY = YES;
				CLANG_WARN_ENUM_CONVERSION = YES;
				CLANG_WARN_INT_CONVERSION = YES;
				CLANG_WARN_OBJC_ROOT_CLASS = YES_ERROR;
				CLANG_WARN_UNREACHABLE_CODE = YES;
				CLANG_WARN__DUPLICATE_METHOD_MATCH = YES;
				"CODE_SIGN_IDENTITY[sdk=iphoneos*]" = "iPhone Developer";
				COPY_PHASE_STRIP = NO;
				DEBUG_INFORMATION_FORMAT = "dwarf-with-dsym";
				ENABLE_NS_ASSERTIONS = NO;
				ENABLE_STRICT_OBJC_MSGSEND = YES;
				GCC_C_LANGUAGE_STANDARD = gnu99;
				GCC_NO_COMMON_BLOCKS = YES;
				GCC_WARN_64_TO_32_BIT_CONVERSION = YES;
				GCC_WARN_ABOUT_RETURN_TYPE = YES_ERROR;
				GCC_WARN_UNDECLARED_SELECTOR = YES;
				GCC_WARN_UNINITIALIZED_AUTOS = YES_AGGRESSIVE;
				GCC_WARN_UNUSED_FUNCTION = YES;
				GCC_WARN_UNUSED_VARIABLE = YES;
				IPHONEOS_DEPLOYMENT_TARGET = 8.3;
				MTL_ENABLE_DEBUG_INFO = NO;
				SDKROOT = iphoneos;
				VALIDATE_PRODUCT = YES;
			};
			name = Release;
		};
		BA95E8861AECCB2C0078C622 /* Debug */ = {
			isa = XCBuildConfiguration;
			buildSettings = {
				ASSETCATALOG_COMPILER_APPICON_NAME = AppIcon;
				INFOPLIST_FILE = Project1StormViewer/Info.plist;
				LD_RUNPATH_SEARCH_PATHS = "$(inherited) @executable_path/Frameworks";
				PRODUCT_NAME = "$(TARGET_NAME)";
			};
			name = Debug;
		};
		BA95E8871AECCB2C0078C622 /* Release */ = {
			isa = XCBuildConfiguration;
			buildSettings = {
				ASSETCATALOG_COMPILER_APPICON_NAME = AppIcon;
				INFOPLIST_FILE = Project1StormViewer/Info.plist;
				LD_RUNPATH_SEARCH_PATHS = "$(inherited) @executable_path/Frameworks";
				PRODUCT_NAME = "$(TARGET_NAME)";
			};
			name = Release;
		};
		BA95E8891AECCB2C0078C622 /* Debug */ = {
			isa = XCBuildConfiguration;
			buildSettings = {
				BUNDLE_LOADER = "$(TEST_HOST)";
				FRAMEWORK_SEARCH_PATHS = (
					"$(SDKROOT)/Developer/Library/Frameworks",
					"$(inherited)",
				);
				GCC_PREPROCESSOR_DEFINITIONS = (
					"DEBUG=1",
					"$(inherited)",
				);
				INFOPLIST_FILE = Project1StormViewerTests/Info.plist;
				LD_RUNPATH_SEARCH_PATHS = "$(inherited) @executable_path/Frameworks @loader_path/Frameworks";
				PRODUCT_NAME = "$(TARGET_NAME)";
				TEST_HOST = "$(BUILT_PRODUCTS_DIR)/Project1StormViewer.app/Project1StormViewer";
			};
			name = Debug;
		};
		BA95E88A1AECCB2C0078C622 /* Release */ = {
			isa = XCBuildConfiguration;
			buildSettings = {
				BUNDLE_LOADER = "$(TEST_HOST)";
				FRAMEWORK_SEARCH_PATHS = (
					"$(SDKROOT)/Developer/Library/Frameworks",
					"$(inherited)",
				);
				INFOPLIST_FILE = Project1StormViewerTests/Info.plist;
				LD_RUNPATH_SEARCH_PATHS = "$(inherited) @executable_path/Frameworks @loader_path/Frameworks";
				PRODUCT_NAME = "$(TARGET_NAME)";
				TEST_HOST = "$(BUILT_PRODUCTS_DIR)/Project1StormViewer.app/Project1StormViewer";
			};
			name = Release;
		};
/* End XCBuildConfiguration section */

/* Begin XCConfigurationList section */
		BA95E85F1AECCB2C0078C622 /* Build configuration list for PBXProject "Project1StormViewer" */ = {
			isa = XCConfigurationList;
			buildConfigurations = (
				BA95E8831AECCB2C0078C622 /* Debug */,
				BA95E8841AECCB2C0078C622 /* Release */,
			);
			defaultConfigurationIsVisible = 0;
			defaultConfigurationName = Release;
		};
		BA95E8851AECCB2C0078C622 /* Build configuration list for PBXNativeTarget "Project1StormViewer" */ = {
			isa = XCConfigurationList;
			buildConfigurations = (
				BA95E8861AECCB2C0078C622 /* Debug */,
				BA95E8871AECCB2C0078C622 /* Release */,
			);
			defaultConfigurationIsVisible = 0;
			defaultConfigurationName = Release;
		};
		BA95E8881AECCB2C0078C622 /* Build configuration list for PBXNativeTarget "Project1StormViewerTests" */ = {
			isa = XCConfigurationList;
			buildConfigurations = (
				BA95E8891AECCB2C0078C622 /* Debug */,
				BA95E88A1AECCB2C0078C622 /* Release */,
			);
			defaultConfigurationIsVisible = 0;
			defaultConfigurationName = Release;
		};
/* End XCConfigurationList section */
	};
	rootObject = BA95E85C1AECCB2C0078C622 /* Project object */;
}
